{
  "pins" : [
    {
      "identity" : "bambuser-livevideoshoppingplayer-sdk-ios",
      "kind" : "remoteSourceControl",
      "location" : "https://github.com/bambuser/bambuser-livevideoshoppingplayer-sdk-ios.git",
      "state" : {
        "revision" : "bf94f5646d106e548e3233cf5b8638f136c0a82d",
        "version" : "0.9.0"
      }
    }
  ],
  "version" : 2
}
