{
  "object": {
    "pins": [
      {
        "package": "BambuserLiveVideoShoppingPlayer",
        "repositoryURL": "https://github.com/bambuser/bambuser-livevideoshoppingplayer-sdk-ios.git",
        "state": {
          "branch": null,
          "revision": "9fd697491fa65eca07975ae0b06e18fc345129e6",
          "version": "0.1.0"
        }
      }
    ]
  },
  "version": 1
}
