// !$*UTF8*$!
{
	archiveVersion = 1;
	classes = {
	};
	objectVersion = 52;
	objects = {

/* Begin PBXBuildFile section */
		A98E913726552BA900B93678 /* PlayerSettingsListSection.swift in Sources */ = {isa = PBXBuildFile; fileRef = A98E913626552BA900B93678 /* PlayerSettingsListSection.swift */; };
		A98E913926552BBE00B93678 /* DemoContext.swift in Sources */ = {isa = PBXBuildFile; fileRef = A98E913826552BBE00B93678 /* DemoContext.swift */; };
		A98E913B26552EDE00B93678 /* ListIcon.swift in Sources */ = {isa = PBXBuildFile; fileRef = A98E913A26552EDE00B93678 /* ListIcon.swift */; };
		A9973E1126612CC900F52B6A /* BambuserLiveShoppingPlayer in Frameworks */ = {isa = PBXBuildFile; productRef = A9973E1026612CC900F52B6A /* BambuserLiveShoppingPlayer */; };
		A99F28892653D5AC0015B9D2 /* DemoApp.swift in Sources */ = {isa = PBXBuildFile; fileRef = A99F28882653D5AC0015B9D2 /* DemoApp.swift */; };
		A99F288B2653D5AC0015B9D2 /* HomeScreen.swift in Sources */ = {isa = PBXBuildFile; fileRef = A99F288A2653D5AC0015B9D2 /* HomeScreen.swift */; };
		A99F288D2653D5AE0015B9D2 /* Assets.xcassets in Resources */ = {isa = PBXBuildFile; fileRef = A99F288C2653D5AE0015B9D2 /* Assets.xcassets */; };
		A99F28902653D5AE0015B9D2 /* Preview Assets.xcassets in Resources */ = {isa = PBXBuildFile; fileRef = A99F288F2653D5AE0015B9D2 /* Preview Assets.xcassets */; };
		A99F289E2653D6B50015B9D2 /* PlayerScreen.swift in Sources */ = {isa = PBXBuildFile; fileRef = A99F289D2653D6B50015B9D2 /* PlayerScreen.swift */; };
		A99F28A62653E5C40015B9D2 /* Image+Demo.swift in Sources */ = {isa = PBXBuildFile; fileRef = A99F28A52653E5C40015B9D2 /* Image+Demo.swift */; };
		A99F28AA2653E6110015B9D2 /* ListItem.swift in Sources */ = {isa = PBXBuildFile; fileRef = A99F28A92653E6110015B9D2 /* ListItem.swift */; };
/* End PBXBuildFile section */

/* Begin PBXFileReference section */
		A98E913626552BA900B93678 /* PlayerSettingsListSection.swift */ = {isa = PBXFileReference; lastKnownFileType = sourcecode.swift; path = PlayerSettingsListSection.swift; sourceTree = "<group>"; };
		A98E913826552BBE00B93678 /* DemoContext.swift */ = {isa = PBXFileReference; lastKnownFileType = sourcecode.swift; path = DemoContext.swift; sourceTree = "<group>"; };
		A98E913A26552EDE00B93678 /* ListIcon.swift */ = {isa = PBXFileReference; lastKnownFileType = sourcecode.swift; path = ListIcon.swift; sourceTree = "<group>"; };
		A99F28852653D5AC0015B9D2 /* Demo.app */ = {isa = PBXFileReference; explicitFileType = wrapper.application; includeInIndex = 0; path = Demo.app; sourceTree = BUILT_PRODUCTS_DIR; };
		A99F28882653D5AC0015B9D2 /* DemoApp.swift */ = {isa = PBXFileReference; lastKnownFileType = sourcecode.swift; path = DemoApp.swift; sourceTree = "<group>"; };
		A99F288A2653D5AC0015B9D2 /* HomeScreen.swift */ = {isa = PBXFileReference; lastKnownFileType = sourcecode.swift; path = HomeScreen.swift; sourceTree = "<group>"; };
		A99F288C2653D5AE0015B9D2 /* Assets.xcassets */ = {isa = PBXFileReference; lastKnownFileType = folder.assetcatalog; path = Assets.xcassets; sourceTree = "<group>"; };
		A99F288F2653D5AE0015B9D2 /* Preview Assets.xcassets */ = {isa = PBXFileReference; lastKnownFileType = folder.assetcatalog; path = "Preview Assets.xcassets"; sourceTree = "<group>"; };
		A99F28912653D5AE0015B9D2 /* Info.plist */ = {isa = PBXFileReference; lastKnownFileType = text.plist.xml; path = Info.plist; sourceTree = "<group>"; };
		A99F289D2653D6B50015B9D2 /* PlayerScreen.swift */ = {isa = PBXFileReference; lastKnownFileType = sourcecode.swift; path = PlayerScreen.swift; sourceTree = "<group>"; };
		A99F28A52653E5C40015B9D2 /* Image+Demo.swift */ = {isa = PBXFileReference; lastKnownFileType = sourcecode.swift; path = "Image+Demo.swift"; sourceTree = "<group>"; };
		A99F28A92653E6110015B9D2 /* ListItem.swift */ = {isa = PBXFileReference; lastKnownFileType = sourcecode.swift; path = ListItem.swift; sourceTree = "<group>"; };
/* End PBXFileReference section */

/* Begin PBXFrameworksBuildPhase section */
		A99F28822653D5AC0015B9D2 /* Frameworks */ = {
			isa = PBXFrameworksBuildPhase;
			buildActionMask = 2147483647;
			files = (
				A9973E1126612CC900F52B6A /* BambuserLiveShoppingPlayer in Frameworks */,
			);
			runOnlyForDeploymentPostprocessing = 0;
		};
/* End PBXFrameworksBuildPhase section */

/* Begin PBXGroup section */
		A98E913526552B7200B93678 /* Screens */ = {
			isa = PBXGroup;
			children = (
				A99F288A2653D5AC0015B9D2 /* HomeScreen.swift */,
				A99F289D2653D6B50015B9D2 /* PlayerScreen.swift */,
			);
			path = Screens;
			sourceTree = "<group>";
		};
		A99F287C2653D5AC0015B9D2 = {
			isa = PBXGroup;
			children = (
				A99F28872653D5AC0015B9D2 /* Demo */,
				A99F28862653D5AC0015B9D2 /* Products */,
			);
			sourceTree = "<group>";
		};
		A99F28862653D5AC0015B9D2 /* Products */ = {
			isa = PBXGroup;
			children = (
				A99F28852653D5AC0015B9D2 /* Demo.app */,
			);
			name = Products;
			sourceTree = "<group>";
		};
		A99F28872653D5AC0015B9D2 /* Demo */ = {
			isa = PBXGroup;
			children = (
				A99F288E2653D5AE0015B9D2 /* Preview Content */,
				A99F28A72653E5E30015B9D2 /* Resources */,
				A98E913526552B7200B93678 /* Screens */,
				A99F289C2653D6930015B9D2 /* Supporting Files */,
				A99F28A82653E6040015B9D2 /* Views */,
				A99F28882653D5AC0015B9D2 /* DemoApp.swift */,
				A98E913826552BBE00B93678 /* DemoContext.swift */,
			);
			path = Demo;
			sourceTree = "<group>";
		};
		A99F288E2653D5AE0015B9D2 /* Preview Content */ = {
			isa = PBXGroup;
			children = (
				A99F288F2653D5AE0015B9D2 /* Preview Assets.xcassets */,
			);
			path = "Preview Content";
			sourceTree = "<group>";
		};
		A99F289C2653D6930015B9D2 /* Supporting Files */ = {
			isa = PBXGroup;
			children = (
				A99F28912653D5AE0015B9D2 /* Info.plist */,
			);
			name = "Supporting Files";
			sourceTree = "<group>";
		};
		A99F28A72653E5E30015B9D2 /* Resources */ = {
			isa = PBXGroup;
			children = (
				A99F288C2653D5AE0015B9D2 /* Assets.xcassets */,
				A99F28A52653E5C40015B9D2 /* Image+Demo.swift */,
			);
			path = Resources;
			sourceTree = "<group>";
		};
		A99F28A82653E6040015B9D2 /* Views */ = {
			isa = PBXGroup;
			children = (
				A98E913A26552EDE00B93678 /* ListIcon.swift */,
				A99F28A92653E6110015B9D2 /* ListItem.swift */,
				A98E913626552BA900B93678 /* PlayerSettingsListSection.swift */,
			);
			path = Views;
			sourceTree = "<group>";
		};
/* End PBXGroup section */

/* Begin PBXNativeTarget section */
		A99F28842653D5AC0015B9D2 /* Demo */ = {
			isa = PBXNativeTarget;
			buildConfigurationList = A99F28942653D5AE0015B9D2 /* Build configuration list for PBXNativeTarget "Demo" */;
			buildPhases = (
				A99F28812653D5AC0015B9D2 /* Sources */,
				A99F28822653D5AC0015B9D2 /* Frameworks */,
				A99F28832653D5AC0015B9D2 /* Resources */,
			);
			buildRules = (
			);
			dependencies = (
			);
			name = Demo;
			packageProductDependencies = (
				A9973E1026612CC900F52B6A /* BambuserLiveShoppingPlayer */,
			);
			productName = Demo;
			productReference = A99F28852653D5AC0015B9D2 /* Demo.app */;
			productType = "com.apple.product-type.application";
		};
/* End PBXNativeTarget section */

/* Begin PBXProject section */
		A99F287D2653D5AC0015B9D2 /* Project object */ = {
			isa = PBXProject;
			attributes = {
				LastSwiftUpdateCheck = 1250;
				LastUpgradeCheck = 1250;
				ORGANIZATIONNAME = "Bambuser AB";
				TargetAttributes = {
					A99F28842653D5AC0015B9D2 = {
						CreatedOnToolsVersion = 12.5;
					};
				};
			};
			buildConfigurationList = A99F28802653D5AC0015B9D2 /* Build configuration list for PBXProject "Demo" */;
			compatibilityVersion = "Xcode 9.3";
			developmentRegion = en;
			hasScannedForEncodings = 0;
			knownRegions = (
				en,
				Base,
			);
			mainGroup = A99F287C2653D5AC0015B9D2;
			packageReferences = (
				A9973E0F26612CC900F52B6A /* XCRemoteSwiftPackageReference "bambuser-liveshopping-player-sdk-ios" */,
			);
			productRefGroup = A99F28862653D5AC0015B9D2 /* Products */;
			projectDirPath = "";
			projectRoot = "";
			targets = (
				A99F28842653D5AC0015B9D2 /* Demo */,
			);
		};
/* End PBXProject section */

/* Begin PBXResourcesBuildPhase section */
		A99F28832653D5AC0015B9D2 /* Resources */ = {
			isa = PBXResourcesBuildPhase;
			buildActionMask = 2147483647;
			files = (
				A99F28902653D5AE0015B9D2 /* Preview Assets.xcassets in Resources */,
				A99F288D2653D5AE0015B9D2 /* Assets.xcassets in Resources */,
			);
			runOnlyForDeploymentPostprocessing = 0;
		};
/* End PBXResourcesBuildPhase section */

/* Begin PBXSourcesBuildPhase section */
		A99F28812653D5AC0015B9D2 /* Sources */ = {
			isa = PBXSourcesBuildPhase;
			buildActionMask = 2147483647;
			files = (
				A99F28A62653E5C40015B9D2 /* Image+Demo.swift in Sources */,
				A99F289E2653D6B50015B9D2 /* PlayerScreen.swift in Sources */,
				A99F288B2653D5AC0015B9D2 /* HomeScreen.swift in Sources */,
				A98E913B26552EDE00B93678 /* ListIcon.swift in Sources */,
				A99F28AA2653E6110015B9D2 /* ListItem.swift in Sources */,
				A98E913726552BA900B93678 /* PlayerSettingsListSection.swift in Sources */,
				A98E913926552BBE00B93678 /* DemoContext.swift in Sources */,
				A99F28892653D5AC0015B9D2 /* DemoApp.swift in Sources */,
			);
			runOnlyForDeploymentPostprocessing = 0;
		};
/* End PBXSourcesBuildPhase section */

/* Begin XCBuildConfiguration section */
		A99F28922653D5AE0015B9D2 /* Debug */ = {
			isa = XCBuildConfiguration;
			buildSettings = {
				ALWAYS_SEARCH_USER_PATHS = NO;
				CLANG_ANALYZER_NONNULL = YES;
				CLANG_ANALYZER_NUMBER_OBJECT_CONVERSION = YES_AGGRESSIVE;
				CLANG_CXX_LANGUAGE_STANDARD = "gnu++14";
				CLANG_CXX_LIBRARY = "libc++";
				CLANG_ENABLE_MODULES = YES;
				CLANG_ENABLE_OBJC_ARC = YES;
				CLANG_ENABLE_OBJC_WEAK = YES;
				CLANG_WARN_BLOCK_CAPTURE_AUTORELEASING = YES;
				CLANG_WARN_BOOL_CONVERSION = YES;
				CLANG_WARN_COMMA = YES;
				CLANG_WARN_CONSTANT_CONVERSION = YES;
				CLANG_WARN_DEPRECATED_OBJC_IMPLEMENTATIONS = YES;
				CLANG_WARN_DIRECT_OBJC_ISA_USAGE = YES_ERROR;
				CLANG_WARN_DOCUMENTATION_COMMENTS = YES;
				CLANG_WARN_EMPTY_BODY = YES;
				CLANG_WARN_ENUM_CONVERSION = YES;
				CLANG_WARN_INFINITE_RECURSION = YES;
				CLANG_WARN_INT_CONVERSION = YES;
				CLANG_WARN_NON_LITERAL_NULL_CONVERSION = YES;
				CLANG_WARN_OBJC_IMPLICIT_RETAIN_SELF = YES;
				CLANG_WARN_OBJC_LITERAL_CONVERSION = YES;
				CLANG_WARN_OBJC_ROOT_CLASS = YES_ERROR;
				CLANG_WARN_QUOTED_INCLUDE_IN_FRAMEWORK_HEADER = YES;
				CLANG_WARN_RANGE_LOOP_ANALYSIS = YES;
				CLANG_WARN_STRICT_PROTOTYPES = YES;
				CLANG_WARN_SUSPICIOUS_MOVE = YES;
				CLANG_WARN_UNGUARDED_AVAILABILITY = YES_AGGRESSIVE;
				CLANG_WARN_UNREACHABLE_CODE = YES;
				CLANG_WARN__DUPLICATE_METHOD_MATCH = YES;
				COPY_PHASE_STRIP = NO;
				DEBUG_INFORMATION_FORMAT = dwarf;
				ENABLE_STRICT_OBJC_MSGSEND = YES;
				ENABLE_TESTABILITY = YES;
				GCC_C_LANGUAGE_STANDARD = gnu11;
				GCC_DYNAMIC_NO_PIC = NO;
				GCC_NO_COMMON_BLOCKS = YES;
				GCC_OPTIMIZATION_LEVEL = 0;
				GCC_PREPROCESSOR_DEFINITIONS = (
					"DEBUG=1",
					"$(inherited)",
				);
				GCC_WARN_64_TO_32_BIT_CONVERSION = YES;
				GCC_WARN_ABOUT_RETURN_TYPE = YES_ERROR;
				GCC_WARN_UNDECLARED_SELECTOR = YES;
				GCC_WARN_UNINITIALIZED_AUTOS = YES_AGGRESSIVE;
				GCC_WARN_UNUSED_FUNCTION = YES;
				GCC_WARN_UNUSED_VARIABLE = YES;
				IPHONEOS_DEPLOYMENT_TARGET = 14.1;
				MTL_ENABLE_DEBUG_INFO = INCLUDE_SOURCE;
				MTL_FAST_MATH = YES;
				ONLY_ACTIVE_ARCH = YES;
				SDKROOT = iphoneos;
				SWIFT_ACTIVE_COMPILATION_CONDITIONS = DEBUG;
				SWIFT_OPTIMIZATION_LEVEL = "-Onone";
			};
			name = Debug;
		};
		A99F28932653D5AE0015B9D2 /* Release */ = {
			isa = XCBuildConfiguration;
			buildSettings = {
				ALWAYS_SEARCH_USER_PATHS = NO;
				CLANG_ANALYZER_NONNULL = YES;
				CLANG_ANALYZER_NUMBER_OBJECT_CONVERSION = YES_AGGRESSIVE;
				CLANG_CXX_LANGUAGE_STANDARD = "gnu++14";
				CLANG_CXX_LIBRARY = "libc++";
				CLANG_ENABLE_MODULES = YES;
				CLANG_ENABLE_OBJC_ARC = YES;
				CLANG_ENABLE_OBJC_WEAK = YES;
				CLANG_WARN_BLOCK_CAPTURE_AUTORELEASING = YES;
				CLANG_WARN_BOOL_CONVERSION = YES;
				CLANG_WARN_COMMA = YES;
				CLANG_WARN_CONSTANT_CONVERSION = YES;
				CLANG_WARN_DEPRECATED_OBJC_IMPLEMENTATIONS = YES;
				CLANG_WARN_DIRECT_OBJC_ISA_USAGE = YES_ERROR;
				CLANG_WARN_DOCUMENTATION_COMMENTS = YES;
				CLANG_WARN_EMPTY_BODY = YES;
				CLANG_WARN_ENUM_CONVERSION = YES;
				CLANG_WARN_INFINITE_RECURSION = YES;
				CLANG_WARN_INT_CONVERSION = YES;
				CLANG_WARN_NON_LITERAL_NULL_CONVERSION = YES;
				CLANG_WARN_OBJC_IMPLICIT_RETAIN_SELF = YES;
				CLANG_WARN_OBJC_LITERAL_CONVERSION = YES;
				CLANG_WARN_OBJC_ROOT_CLASS = YES_ERROR;
				CLANG_WARN_QUOTED_INCLUDE_IN_FRAMEWORK_HEADER = YES;
				CLANG_WARN_RANGE_LOOP_ANALYSIS = YES;
				CLANG_WARN_STRICT_PROTOTYPES = YES;
				CLANG_WARN_SUSPICIOUS_MOVE = YES;
				CLANG_WARN_UNGUARDED_AVAILABILITY = YES_AGGRESSIVE;
				CLANG_WARN_UNREACHABLE_CODE = YES;
				CLANG_WARN__DUPLICATE_METHOD_MATCH = YES;
				COPY_PHASE_STRIP = NO;
				DEBUG_INFORMATION_FORMAT = "dwarf-with-dsym";
				ENABLE_NS_ASSERTIONS = NO;
				ENABLE_STRICT_OBJC_MSGSEND = YES;
				GCC_C_LANGUAGE_STANDARD = gnu11;
				GCC_NO_COMMON_BLOCKS = YES;
				GCC_WARN_64_TO_32_BIT_CONVERSION = YES;
				GCC_WARN_ABOUT_RETURN_TYPE = YES_ERROR;
				GCC_WARN_UNDECLARED_SELECTOR = YES;
				GCC_WARN_UNINITIALIZED_AUTOS = YES_AGGRESSIVE;
				GCC_WARN_UNUSED_FUNCTION = YES;
				GCC_WARN_UNUSED_VARIABLE = YES;
				IPHONEOS_DEPLOYMENT_TARGET = 14.1;
				MTL_ENABLE_DEBUG_INFO = NO;
				MTL_FAST_MATH = YES;
				SDKROOT = iphoneos;
				SWIFT_COMPILATION_MODE = wholemodule;
				SWIFT_OPTIMIZATION_LEVEL = "-O";
				VALIDATE_PRODUCT = YES;
			};
			name = Release;
		};
		A99F28952653D5AE0015B9D2 /* Debug */ = {
			isa = XCBuildConfiguration;
			buildSettings = {
				ASSETCATALOG_COMPILER_APPICON_NAME = AppIcon;
				ASSETCATALOG_COMPILER_GLOBAL_ACCENT_COLOR_NAME = AccentColor;
				CODE_SIGN_STYLE = Automatic;
				DEVELOPMENT_ASSET_PATHS = "\"Demo/Preview Content\"";
				DEVELOPMENT_TEAM = U39FKA38DT;
				ENABLE_PREVIEWS = YES;
				INFOPLIST_FILE = Demo/Info.plist;
				LD_RUNPATH_SEARCH_PATHS = (
					"$(inherited)",
					"@executable_path/Frameworks",
				);
				PRODUCT_BUNDLE_IDENTIFIER = "com.bambuser.liveshopping-player-sdk-ios.demo.swiftui.Demo";
				PRODUCT_NAME = "$(TARGET_NAME)";
				SWIFT_VERSION = 5.0;
				TARGETED_DEVICE_FAMILY = "1,2";
			};
			name = Debug;
		};
		A99F28962653D5AE0015B9D2 /* Release */ = {
			isa = XCBuildConfiguration;
			buildSettings = {
				ASSETCATALOG_COMPILER_APPICON_NAME = AppIcon;
				ASSETCATALOG_COMPILER_GLOBAL_ACCENT_COLOR_NAME = AccentColor;
				CODE_SIGN_STYLE = Automatic;
				DEVELOPMENT_ASSET_PATHS = "\"Demo/Preview Content\"";
				DEVELOPMENT_TEAM = U39FKA38DT;
				ENABLE_PREVIEWS = YES;
				INFOPLIST_FILE = Demo/Info.plist;
				LD_RUNPATH_SEARCH_PATHS = (
					"$(inherited)",
					"@executable_path/Frameworks",
				);
				PRODUCT_BUNDLE_IDENTIFIER = "com.bambuser.liveshopping-player-sdk-ios.demo.swiftui.Demo";
				PRODUCT_NAME = "$(TARGET_NAME)";
				SWIFT_VERSION = 5.0;
				TARGETED_DEVICE_FAMILY = "1,2";
			};
			name = Release;
		};
/* End XCBuildConfiguration section */

/* Begin XCConfigurationList section */
		A99F28802653D5AC0015B9D2 /* Build configuration list for PBXProject "Demo" */ = {
			isa = XCConfigurationList;
			buildConfigurations = (
				A99F28922653D5AE0015B9D2 /* Debug */,
				A99F28932653D5AE0015B9D2 /* Release */,
			);
			defaultConfigurationIsVisible = 0;
			defaultConfigurationName = Release;
		};
		A99F28942653D5AE0015B9D2 /* Build configuration list for PBXNativeTarget "Demo" */ = {
			isa = XCConfigurationList;
			buildConfigurations = (
				A99F28952653D5AE0015B9D2 /* Debug */,
				A99F28962653D5AE0015B9D2 /* Release */,
			);
			defaultConfigurationIsVisible = 0;
			defaultConfigurationName = Release;
		};
/* End XCConfigurationList section */

/* Begin XCRemoteSwiftPackageReference section */
		A9973E0F26612CC900F52B6A /* XCRemoteSwiftPackageReference "bambuser-liveshopping-player-sdk-ios" */ = {
			isa = XCRemoteSwiftPackageReference;
			repositoryURL = "git@github.com:bambuser/bambuser-liveshopping-player-sdk-ios.git";
			requirement = {
				kind = upToNextMajorVersion;
				minimumVersion = 0.0.1;
			};
		};
/* End XCRemoteSwiftPackageReference section */

/* Begin XCSwiftPackageProductDependency section */
		A9973E1026612CC900F52B6A /* BambuserLiveShoppingPlayer */ = {
			isa = XCSwiftPackageProductDependency;
			package = A9973E0F26612CC900F52B6A /* XCRemoteSwiftPackageReference "bambuser-liveshopping-player-sdk-ios" */;
			productName = BambuserLiveShoppingPlayer;
		};
/* End XCSwiftPackageProductDependency section */
	};
	rootObject = A99F287D2653D5AC0015B9D2 /* Project object */;
}
