// !$*UTF8*$!
{
	archiveVersion = 1;
	classes = {
	};
	objectVersion = 52;
	objects = {

/* Begin PBXBuildFile section */
		27104ADF277128E000E10E04 /* BambuserLiveVideoShoppingPlayer in Frameworks */ = {isa = PBXBuildFile; productRef = 27104ADE277128E000E10E04 /* BambuserLiveVideoShoppingPlayer */; };
		A922B1CD26FB6A5300E235A1 /* PlayerViewController.swift in Sources */ = {isa = PBXBuildFile; fileRef = A922B1C326FB6A5300E235A1 /* PlayerViewController.swift */; };
		A922B1CE26FB6A5300E235A1 /* HomeViewController.swift in Sources */ = {isa = PBXBuildFile; fileRef = A922B1C426FB6A5300E235A1 /* HomeViewController.swift */; };
		A922B1CF26FB6A5300E235A1 /* HomeTextFieldCell.swift in Sources */ = {isa = PBXBuildFile; fileRef = A922B1C626FB6A5300E235A1 /* HomeTextFieldCell.swift */; };
		A922B1D026FB6A5300E235A1 /* HomeToggleCell.swift in Sources */ = {isa = PBXBuildFile; fileRef = A922B1C726FB6A5300E235A1 /* HomeToggleCell.swift */; };
		A922B1D126FB6A5300E235A1 /* HomeNormalCell.swift in Sources */ = {isa = PBXBuildFile; fileRef = A922B1C826FB6A5300E235A1 /* HomeNormalCell.swift */; };
		A922B1D226FB6A5300E235A1 /* HomeCellViewModel.swift in Sources */ = {isa = PBXBuildFile; fileRef = A922B1C926FB6A5300E235A1 /* HomeCellViewModel.swift */; };
		A922B1D326FB6A5300E235A1 /* AppDelegate.swift in Sources */ = {isa = PBXBuildFile; fileRef = A922B1CB26FB6A5300E235A1 /* AppDelegate.swift */; };
		A922B1D426FB6A5300E235A1 /* SceneDelegate.swift in Sources */ = {isa = PBXBuildFile; fileRef = A922B1CC26FB6A5300E235A1 /* SceneDelegate.swift */; };
		A922B1DA26FB6A5F00E235A1 /* Image+Demo.swift in Sources */ = {isa = PBXBuildFile; fileRef = A922B1D626FB6A5F00E235A1 /* Image+Demo.swift */; };
		A922B1DB26FB6A5F00E235A1 /* DemoPlayerEventHandler.swift in Sources */ = {isa = PBXBuildFile; fileRef = A922B1D726FB6A5F00E235A1 /* DemoPlayerEventHandler.swift */; };
		A922B1DC26FB6A5F00E235A1 /* UIImage+Demo.swift in Sources */ = {isa = PBXBuildFile; fileRef = A922B1D826FB6A5F00E235A1 /* UIImage+Demo.swift */; };
		A922B1DD26FB6A5F00E235A1 /* DemoSettings.swift in Sources */ = {isa = PBXBuildFile; fileRef = A922B1D926FB6A5F00E235A1 /* DemoSettings.swift */; };
		A95D6750270DCEED0018A75B /* UIViewController+Demo.swift in Sources */ = {isa = PBXBuildFile; fileRef = A95D674F270DCEED0018A75B /* UIViewController+Demo.swift */; };
		A9C328622654105F003B356A /* Assets.xcassets in Resources */ = {isa = PBXBuildFile; fileRef = A9C328612654105F003B356A /* Assets.xcassets */; };
		A9C328652654105F003B356A /* LaunchScreen.storyboard in Resources */ = {isa = PBXBuildFile; fileRef = A9C328632654105F003B356A /* LaunchScreen.storyboard */; };
/* End PBXBuildFile section */

/* Begin PBXCopyFilesBuildPhase section */
		48C0CECB26CCEB1900BC283B /* Embed Frameworks */ = {
			isa = PBXCopyFilesBuildPhase;
			buildActionMask = 2147483647;
			dstPath = "";
			dstSubfolderSpec = 10;
			files = (
			);
			name = "Embed Frameworks";
			runOnlyForDeploymentPostprocessing = 0;
		};
/* End PBXCopyFilesBuildPhase section */

/* Begin PBXFileReference section */
		A922B1C326FB6A5300E235A1 /* PlayerViewController.swift */ = {isa = PBXFileReference; fileEncoding = 4; lastKnownFileType = sourcecode.swift; path = PlayerViewController.swift; sourceTree = "<group>"; };
		A922B1C426FB6A5300E235A1 /* HomeViewController.swift */ = {isa = PBXFileReference; fileEncoding = 4; lastKnownFileType = sourcecode.swift; path = HomeViewController.swift; sourceTree = "<group>"; };
		A922B1C626FB6A5300E235A1 /* HomeTextFieldCell.swift */ = {isa = PBXFileReference; fileEncoding = 4; lastKnownFileType = sourcecode.swift; path = HomeTextFieldCell.swift; sourceTree = "<group>"; };
		A922B1C726FB6A5300E235A1 /* HomeToggleCell.swift */ = {isa = PBXFileReference; fileEncoding = 4; lastKnownFileType = sourcecode.swift; path = HomeToggleCell.swift; sourceTree = "<group>"; };
		A922B1C826FB6A5300E235A1 /* HomeNormalCell.swift */ = {isa = PBXFileReference; fileEncoding = 4; lastKnownFileType = sourcecode.swift; path = HomeNormalCell.swift; sourceTree = "<group>"; };
		A922B1C926FB6A5300E235A1 /* HomeCellViewModel.swift */ = {isa = PBXFileReference; fileEncoding = 4; lastKnownFileType = sourcecode.swift; path = HomeCellViewModel.swift; sourceTree = "<group>"; };
		A922B1CB26FB6A5300E235A1 /* AppDelegate.swift */ = {isa = PBXFileReference; fileEncoding = 4; lastKnownFileType = sourcecode.swift; path = AppDelegate.swift; sourceTree = "<group>"; };
		A922B1CC26FB6A5300E235A1 /* SceneDelegate.swift */ = {isa = PBXFileReference; fileEncoding = 4; lastKnownFileType = sourcecode.swift; path = SceneDelegate.swift; sourceTree = "<group>"; };
		A922B1D626FB6A5F00E235A1 /* Image+Demo.swift */ = {isa = PBXFileReference; fileEncoding = 4; lastKnownFileType = sourcecode.swift; path = "Image+Demo.swift"; sourceTree = "<group>"; };
		A922B1D726FB6A5F00E235A1 /* DemoPlayerEventHandler.swift */ = {isa = PBXFileReference; fileEncoding = 4; lastKnownFileType = sourcecode.swift; path = DemoPlayerEventHandler.swift; sourceTree = "<group>"; };
		A922B1D826FB6A5F00E235A1 /* UIImage+Demo.swift */ = {isa = PBXFileReference; fileEncoding = 4; lastKnownFileType = sourcecode.swift; path = "UIImage+Demo.swift"; sourceTree = "<group>"; };
		A922B1D926FB6A5F00E235A1 /* DemoSettings.swift */ = {isa = PBXFileReference; fileEncoding = 4; lastKnownFileType = sourcecode.swift; path = DemoSettings.swift; sourceTree = "<group>"; };
		A95D674F270DCEED0018A75B /* UIViewController+Demo.swift */ = {isa = PBXFileReference; fileEncoding = 4; lastKnownFileType = sourcecode.swift; path = "UIViewController+Demo.swift"; sourceTree = "<group>"; };
		A9AB8E8926A95B89008C0B76 /* .swiftlint.yml */ = {isa = PBXFileReference; lastKnownFileType = text.yaml; path = .swiftlint.yml; sourceTree = SOURCE_ROOT; };
		A9C328552654105E003B356A /* Demo.app */ = {isa = PBXFileReference; explicitFileType = wrapper.application; includeInIndex = 0; path = Demo.app; sourceTree = BUILT_PRODUCTS_DIR; };
		A9C328612654105F003B356A /* Assets.xcassets */ = {isa = PBXFileReference; lastKnownFileType = folder.assetcatalog; path = Assets.xcassets; sourceTree = "<group>"; };
		A9C328642654105F003B356A /* Base */ = {isa = PBXFileReference; lastKnownFileType = file.storyboard; name = Base; path = Base.lproj/LaunchScreen.storyboard; sourceTree = "<group>"; };
		A9C328662654105F003B356A /* Info.plist */ = {isa = PBXFileReference; lastKnownFileType = text.plist.xml; path = Info.plist; sourceTree = "<group>"; };
/* End PBXFileReference section */

/* Begin PBXFrameworksBuildPhase section */
		A9C328522654105E003B356A /* Frameworks */ = {
			isa = PBXFrameworksBuildPhase;
			buildActionMask = 2147483647;
			files = (
				27104ADF277128E000E10E04 /* BambuserLiveVideoShoppingPlayer in Frameworks */,
			);
			runOnlyForDeploymentPostprocessing = 0;
		};
/* End PBXFrameworksBuildPhase section */

/* Begin PBXGroup section */
		48C0CEC826CCEB1900BC283B /* Frameworks */ = {
			isa = PBXGroup;
			children = (
			);
			name = Frameworks;
			sourceTree = "<group>";
		};
		A922B1C226FB6A5300E235A1 /* Screens */ = {
			isa = PBXGroup;
			children = (
				A922B1C426FB6A5300E235A1 /* HomeViewController.swift */,
				A922B1C326FB6A5300E235A1 /* PlayerViewController.swift */,
			);
			path = Screens;
			sourceTree = "<group>";
		};
		A922B1C526FB6A5300E235A1 /* Views */ = {
			isa = PBXGroup;
			children = (
				A922B1C926FB6A5300E235A1 /* HomeCellViewModel.swift */,
				A922B1C826FB6A5300E235A1 /* HomeNormalCell.swift */,
				A922B1C626FB6A5300E235A1 /* HomeTextFieldCell.swift */,
				A922B1C726FB6A5300E235A1 /* HomeToggleCell.swift */,
			);
			path = Views;
			sourceTree = "<group>";
		};
		A922B1CA26FB6A5300E235A1 /* App */ = {
			isa = PBXGroup;
			children = (
				A922B1CB26FB6A5300E235A1 /* AppDelegate.swift */,
				A922B1CC26FB6A5300E235A1 /* SceneDelegate.swift */,
			);
			path = App;
			sourceTree = "<group>";
		};
		A922B1D526FB6A5F00E235A1 /* Shared */ = {
			isa = PBXGroup;
			children = (
				A922B1D726FB6A5F00E235A1 /* DemoPlayerEventHandler.swift */,
				A922B1D926FB6A5F00E235A1 /* DemoSettings.swift */,
				A922B1D626FB6A5F00E235A1 /* Image+Demo.swift */,
				A922B1D826FB6A5F00E235A1 /* UIImage+Demo.swift */,
				A95D674F270DCEED0018A75B /* UIViewController+Demo.swift */,
			);
			name = Shared;
			path = ../../Shared;
			sourceTree = "<group>";
		};
		A9C3284C2654105E003B356A = {
			isa = PBXGroup;
			children = (
				A9C328572654105E003B356A /* Demo */,
				A9C328562654105E003B356A /* Products */,
				48C0CEC826CCEB1900BC283B /* Frameworks */,
			);
			sourceTree = "<group>";
		};
		A9C328562654105E003B356A /* Products */ = {
			isa = PBXGroup;
			children = (
				A9C328552654105E003B356A /* Demo.app */,
			);
			name = Products;
			sourceTree = "<group>";
		};
		A9C328572654105E003B356A /* Demo */ = {
			isa = PBXGroup;
			children = (
				A922B1CA26FB6A5300E235A1 /* App */,
				A9C328612654105F003B356A /* Assets.xcassets */,
				A922B1C226FB6A5300E235A1 /* Screens */,
				A922B1D526FB6A5F00E235A1 /* Shared */,
				A9C3286F26541089003B356A /* Supporting Files */,
				A922B1C526FB6A5300E235A1 /* Views */,
			);
			path = Demo;
			sourceTree = "<group>";
		};
		A9C3286F26541089003B356A /* Supporting Files */ = {
			isa = PBXGroup;
			children = (
				A9AB8E8926A95B89008C0B76 /* .swiftlint.yml */,
				A9C328662654105F003B356A /* Info.plist */,
				A9C328632654105F003B356A /* LaunchScreen.storyboard */,
			);
			name = "Supporting Files";
			sourceTree = "<group>";
		};
/* End PBXGroup section */

/* Begin PBXNativeTarget section */
		A9C328542654105E003B356A /* Demo */ = {
			isa = PBXNativeTarget;
			buildConfigurationList = A9C328692654105F003B356A /* Build configuration list for PBXNativeTarget "Demo" */;
			buildPhases = (
				A9AB8E8826A95AD8008C0B76 /* [SwiftLint] */,
				A9C328512654105E003B356A /* Sources */,
				A9C328522654105E003B356A /* Frameworks */,
				A9C328532654105E003B356A /* Resources */,
				48C0CECB26CCEB1900BC283B /* Embed Frameworks */,
			);
			buildRules = (
			);
			dependencies = (
			);
			name = Demo;
			packageProductDependencies = (
				27104ADE277128E000E10E04 /* BambuserLiveVideoShoppingPlayer */,
			);
			productName = Demo;
			productReference = A9C328552654105E003B356A /* Demo.app */;
			productType = "com.apple.product-type.application";
		};
/* End PBXNativeTarget section */

/* Begin PBXProject section */
		A9C3284D2654105E003B356A /* Project object */ = {
			isa = PBXProject;
			attributes = {
				LastSwiftUpdateCheck = 1250;
				LastUpgradeCheck = 1250;
				ORGANIZATIONNAME = "Bambuser AB";
				TargetAttributes = {
					A9C328542654105E003B356A = {
						CreatedOnToolsVersion = 12.5;
					};
				};
			};
			buildConfigurationList = A9C328502654105E003B356A /* Build configuration list for PBXProject "Demo" */;
			compatibilityVersion = "Xcode 9.3";
			developmentRegion = en;
			hasScannedForEncodings = 0;
			knownRegions = (
				en,
				Base,
			);
			mainGroup = A9C3284C2654105E003B356A;
			packageReferences = (
				27104ADD277128E000E10E04 /* XCRemoteSwiftPackageReference "bambuser-livevideoshoppingplayer-sdk-ios" */,
			);
			productRefGroup = A9C328562654105E003B356A /* Products */;
			projectDirPath = "";
			projectRoot = "";
			targets = (
				A9C328542654105E003B356A /* Demo */,
			);
		};
/* End PBXProject section */

/* Begin PBXResourcesBuildPhase section */
		A9C328532654105E003B356A /* Resources */ = {
			isa = PBXResourcesBuildPhase;
			buildActionMask = 2147483647;
			files = (
				A9C328652654105F003B356A /* LaunchScreen.storyboard in Resources */,
				A9C328622654105F003B356A /* Assets.xcassets in Resources */,
			);
			runOnlyForDeploymentPostprocessing = 0;
		};
/* End PBXResourcesBuildPhase section */

/* Begin PBXShellScriptBuildPhase section */
		A9AB8E8826A95AD8008C0B76 /* [SwiftLint] */ = {
			isa = PBXShellScriptBuildPhase;
			buildActionMask = 2147483647;
			files = (
			);
			inputFileListPaths = (
			);
			inputPaths = (
			);
			name = "[SwiftLint]";
			outputFileListPaths = (
			);
			outputPaths = (
			);
			runOnlyForDeploymentPostprocessing = 0;
			shellPath = /bin/sh;
			shellScript = "if which swiftlint >/dev/null; then\n  swiftlint\nfi\n";
		};
/* End PBXShellScriptBuildPhase section */

/* Begin PBXSourcesBuildPhase section */
		A9C328512654105E003B356A /* Sources */ = {
			isa = PBXSourcesBuildPhase;
			buildActionMask = 2147483647;
			files = (
				A922B1CD26FB6A5300E235A1 /* PlayerViewController.swift in Sources */,
				A922B1CE26FB6A5300E235A1 /* HomeViewController.swift in Sources */,
				A922B1D126FB6A5300E235A1 /* HomeNormalCell.swift in Sources */,
				A922B1D226FB6A5300E235A1 /* HomeCellViewModel.swift in Sources */,
				A922B1D326FB6A5300E235A1 /* AppDelegate.swift in Sources */,
				A922B1DB26FB6A5F00E235A1 /* DemoPlayerEventHandler.swift in Sources */,
				A922B1D026FB6A5300E235A1 /* HomeToggleCell.swift in Sources */,
				A922B1CF26FB6A5300E235A1 /* HomeTextFieldCell.swift in Sources */,
				A922B1DC26FB6A5F00E235A1 /* UIImage+Demo.swift in Sources */,
				A922B1D426FB6A5300E235A1 /* SceneDelegate.swift in Sources */,
				A922B1DA26FB6A5F00E235A1 /* Image+Demo.swift in Sources */,
				A922B1DD26FB6A5F00E235A1 /* DemoSettings.swift in Sources */,
				A95D6750270DCEED0018A75B /* UIViewController+Demo.swift in Sources */,
			);
			runOnlyForDeploymentPostprocessing = 0;
		};
/* End PBXSourcesBuildPhase section */

/* Begin PBXVariantGroup section */
		A9C328632654105F003B356A /* LaunchScreen.storyboard */ = {
			isa = PBXVariantGroup;
			children = (
				A9C328642654105F003B356A /* Base */,
			);
			name = LaunchScreen.storyboard;
			sourceTree = "<group>";
		};
/* End PBXVariantGroup section */

/* Begin XCBuildConfiguration section */
		A9C328672654105F003B356A /* Debug */ = {
			isa = XCBuildConfiguration;
			buildSettings = {
				ALWAYS_SEARCH_USER_PATHS = NO;
				CLANG_ANALYZER_NONNULL = YES;
				CLANG_ANALYZER_NUMBER_OBJECT_CONVERSION = YES_AGGRESSIVE;
				CLANG_CXX_LANGUAGE_STANDARD = "gnu++14";
				CLANG_CXX_LIBRARY = "libc++";
				CLANG_ENABLE_MODULES = YES;
				CLANG_ENABLE_OBJC_ARC = YES;
				CLANG_ENABLE_OBJC_WEAK = YES;
				CLANG_WARN_BLOCK_CAPTURE_AUTORELEASING = YES;
				CLANG_WARN_BOOL_CONVERSION = YES;
				CLANG_WARN_COMMA = YES;
				CLANG_WARN_CONSTANT_CONVERSION = YES;
				CLANG_WARN_DEPRECATED_OBJC_IMPLEMENTATIONS = YES;
				CLANG_WARN_DIRECT_OBJC_ISA_USAGE = YES_ERROR;
				CLANG_WARN_DOCUMENTATION_COMMENTS = YES;
				CLANG_WARN_EMPTY_BODY = YES;
				CLANG_WARN_ENUM_CONVERSION = YES;
				CLANG_WARN_INFINITE_RECURSION = YES;
				CLANG_WARN_INT_CONVERSION = YES;
				CLANG_WARN_NON_LITERAL_NULL_CONVERSION = YES;
				CLANG_WARN_OBJC_IMPLICIT_RETAIN_SELF = YES;
				CLANG_WARN_OBJC_LITERAL_CONVERSION = YES;
				CLANG_WARN_OBJC_ROOT_CLASS = YES_ERROR;
				CLANG_WARN_QUOTED_INCLUDE_IN_FRAMEWORK_HEADER = YES;
				CLANG_WARN_RANGE_LOOP_ANALYSIS = YES;
				CLANG_WARN_STRICT_PROTOTYPES = YES;
				CLANG_WARN_SUSPICIOUS_MOVE = YES;
				CLANG_WARN_UNGUARDED_AVAILABILITY = YES_AGGRESSIVE;
				CLANG_WARN_UNREACHABLE_CODE = YES;
				CLANG_WARN__DUPLICATE_METHOD_MATCH = YES;
				COPY_PHASE_STRIP = NO;
				DEBUG_INFORMATION_FORMAT = dwarf;
				ENABLE_STRICT_OBJC_MSGSEND = YES;
				ENABLE_TESTABILITY = YES;
				GCC_C_LANGUAGE_STANDARD = gnu11;
				GCC_DYNAMIC_NO_PIC = NO;
				GCC_NO_COMMON_BLOCKS = YES;
				GCC_OPTIMIZATION_LEVEL = 0;
				GCC_PREPROCESSOR_DEFINITIONS = (
					"DEBUG=1",
					"$(inherited)",
				);
				GCC_WARN_64_TO_32_BIT_CONVERSION = YES;
				GCC_WARN_ABOUT_RETURN_TYPE = YES_ERROR;
				GCC_WARN_UNDECLARED_SELECTOR = YES;
				GCC_WARN_UNINITIALIZED_AUTOS = YES_AGGRESSIVE;
				GCC_WARN_UNUSED_FUNCTION = YES;
				GCC_WARN_UNUSED_VARIABLE = YES;
				IPHONEOS_DEPLOYMENT_TARGET = 13.0;
				MTL_ENABLE_DEBUG_INFO = INCLUDE_SOURCE;
				MTL_FAST_MATH = YES;
				ONLY_ACTIVE_ARCH = YES;
				SDKROOT = iphoneos;
				SWIFT_ACTIVE_COMPILATION_CONDITIONS = DEBUG;
				SWIFT_OPTIMIZATION_LEVEL = "-Onone";
			};
			name = Debug;
		};
		A9C328682654105F003B356A /* Release */ = {
			isa = XCBuildConfiguration;
			buildSettings = {
				ALWAYS_SEARCH_USER_PATHS = NO;
				CLANG_ANALYZER_NONNULL = YES;
				CLANG_ANALYZER_NUMBER_OBJECT_CONVERSION = YES_AGGRESSIVE;
				CLANG_CXX_LANGUAGE_STANDARD = "gnu++14";
				CLANG_CXX_LIBRARY = "libc++";
				CLANG_ENABLE_MODULES = YES;
				CLANG_ENABLE_OBJC_ARC = YES;
				CLANG_ENABLE_OBJC_WEAK = YES;
				CLANG_WARN_BLOCK_CAPTURE_AUTORELEASING = YES;
				CLANG_WARN_BOOL_CONVERSION = YES;
				CLANG_WARN_COMMA = YES;
				CLANG_WARN_CONSTANT_CONVERSION = YES;
				CLANG_WARN_DEPRECATED_OBJC_IMPLEMENTATIONS = YES;
				CLANG_WARN_DIRECT_OBJC_ISA_USAGE = YES_ERROR;
				CLANG_WARN_DOCUMENTATION_COMMENTS = YES;
				CLANG_WARN_EMPTY_BODY = YES;
				CLANG_WARN_ENUM_CONVERSION = YES;
				CLANG_WARN_INFINITE_RECURSION = YES;
				CLANG_WARN_INT_CONVERSION = YES;
				CLANG_WARN_NON_LITERAL_NULL_CONVERSION = YES;
				CLANG_WARN_OBJC_IMPLICIT_RETAIN_SELF = YES;
				CLANG_WARN_OBJC_LITERAL_CONVERSION = YES;
				CLANG_WARN_OBJC_ROOT_CLASS = YES_ERROR;
				CLANG_WARN_QUOTED_INCLUDE_IN_FRAMEWORK_HEADER = YES;
				CLANG_WARN_RANGE_LOOP_ANALYSIS = YES;
				CLANG_WARN_STRICT_PROTOTYPES = YES;
				CLANG_WARN_SUSPICIOUS_MOVE = YES;
				CLANG_WARN_UNGUARDED_AVAILABILITY = YES_AGGRESSIVE;
				CLANG_WARN_UNREACHABLE_CODE = YES;
				CLANG_WARN__DUPLICATE_METHOD_MATCH = YES;
				COPY_PHASE_STRIP = NO;
				DEBUG_INFORMATION_FORMAT = "dwarf-with-dsym";
				ENABLE_NS_ASSERTIONS = NO;
				ENABLE_STRICT_OBJC_MSGSEND = YES;
				GCC_C_LANGUAGE_STANDARD = gnu11;
				GCC_NO_COMMON_BLOCKS = YES;
				GCC_WARN_64_TO_32_BIT_CONVERSION = YES;
				GCC_WARN_ABOUT_RETURN_TYPE = YES_ERROR;
				GCC_WARN_UNDECLARED_SELECTOR = YES;
				GCC_WARN_UNINITIALIZED_AUTOS = YES_AGGRESSIVE;
				GCC_WARN_UNUSED_FUNCTION = YES;
				GCC_WARN_UNUSED_VARIABLE = YES;
				IPHONEOS_DEPLOYMENT_TARGET = 13.0;
				MTL_ENABLE_DEBUG_INFO = NO;
				MTL_FAST_MATH = YES;
				SDKROOT = iphoneos;
				SWIFT_COMPILATION_MODE = wholemodule;
				SWIFT_OPTIMIZATION_LEVEL = "-O";
				VALIDATE_PRODUCT = YES;
			};
			name = Release;
		};
		A9C3286A2654105F003B356A /* Debug */ = {
			isa = XCBuildConfiguration;
			buildSettings = {
				ASSETCATALOG_COMPILER_APPICON_NAME = AppIcon;
				ASSETCATALOG_COMPILER_GLOBAL_ACCENT_COLOR_NAME = AccentColor;
				CODE_SIGN_STYLE = Automatic;
				DEVELOPMENT_TEAM = U39FKA38DT;
				INFOPLIST_FILE = Demo/Info.plist;
				IPHONEOS_DEPLOYMENT_TARGET = 14.1;
				LD_RUNPATH_SEARCH_PATHS = (
					"$(inherited)",
					"@executable_path/Frameworks",
				);
				PRODUCT_BUNDLE_IDENTIFIER = "com.bambuser.liveshopping-player-sdk-ios.demo.uikit.Demo";
				PRODUCT_NAME = "$(TARGET_NAME)";
				SWIFT_VERSION = 5.0;
				TARGETED_DEVICE_FAMILY = "1,2";
			};
			name = Debug;
		};
		A9C3286B2654105F003B356A /* Release */ = {
			isa = XCBuildConfiguration;
			buildSettings = {
				ASSETCATALOG_COMPILER_APPICON_NAME = AppIcon;
				ASSETCATALOG_COMPILER_GLOBAL_ACCENT_COLOR_NAME = AccentColor;
				CODE_SIGN_STYLE = Automatic;
				DEVELOPMENT_TEAM = U39FKA38DT;
				INFOPLIST_FILE = Demo/Info.plist;
				IPHONEOS_DEPLOYMENT_TARGET = 14.1;
				LD_RUNPATH_SEARCH_PATHS = (
					"$(inherited)",
					"@executable_path/Frameworks",
				);
				PRODUCT_BUNDLE_IDENTIFIER = "com.bambuser.liveshopping-player-sdk-ios.demo.uikit.Demo";
				PRODUCT_NAME = "$(TARGET_NAME)";
				SWIFT_VERSION = 5.0;
				TARGETED_DEVICE_FAMILY = "1,2";
			};
			name = Release;
		};
/* End XCBuildConfiguration section */

/* Begin XCConfigurationList section */
		A9C328502654105E003B356A /* Build configuration list for PBXProject "Demo" */ = {
			isa = XCConfigurationList;
			buildConfigurations = (
				A9C328672654105F003B356A /* Debug */,
				A9C328682654105F003B356A /* Release */,
			);
			defaultConfigurationIsVisible = 0;
			defaultConfigurationName = Release;
		};
		A9C328692654105F003B356A /* Build configuration list for PBXNativeTarget "Demo" */ = {
			isa = XCConfigurationList;
			buildConfigurations = (
				A9C3286A2654105F003B356A /* Debug */,
				A9C3286B2654105F003B356A /* Release */,
			);
			defaultConfigurationIsVisible = 0;
			defaultConfigurationName = Release;
		};
/* End XCConfigurationList section */

/* Begin XCRemoteSwiftPackageReference section */
		27104ADD277128E000E10E04 /* XCRemoteSwiftPackageReference "bambuser-livevideoshoppingplayer-sdk-ios" */ = {
			isa = XCRemoteSwiftPackageReference;
			repositoryURL = "https://github.com/bambuser/bambuser-livevideoshoppingplayer-sdk-ios.git";
			requirement = {
				kind = upToNextMajorVersion;
				minimumVersion = 0.7.0;
			};
		};
/* End XCRemoteSwiftPackageReference section */

/* Begin XCSwiftPackageProductDependency section */
		27104ADE277128E000E10E04 /* BambuserLiveVideoShoppingPlayer */ = {
			isa = XCSwiftPackageProductDependency;
			package = 27104ADD277128E000E10E04 /* XCRemoteSwiftPackageReference "bambuser-livevideoshoppingplayer-sdk-ios" */;
			productName = BambuserLiveVideoShoppingPlayer;
		};
/* End XCSwiftPackageProductDependency section */
	};
	rootObject = A9C3284D2654105E003B356A /* Project object */;
}
