{
  "pins" : [
    {
      "identity" : "bambuser-livevideoshoppingplayer-sdk-ios",
      "kind" : "remoteSourceControl",
      "location" : "https://github.com/bambuser/bambuser-livevideoshoppingplayer-sdk-ios.git",
      "state" : {
        "revision" : "99054a269206d439ad1f561dfccf7f9e62fe80a3",
        "version" : "0.8.0"
      }
    }
  ],
  "version" : 2
}
