{
  "object": {
    "pins": [
      {
        "package": "BambuserLiveVideoShoppingPlayer",
        "repositoryURL": "https://github.com/bambuser/bambuser-livevideoshoppingplayer-sdk-ios.git",
        "state": {
          "branch": "master",
          "revision": "d35975e0b2304e09092093cab1f11c6a0b0ce5f3",
          "version": null
        }
      }
    ]
  },
  "version": 1
}
